
Microsoft Visual Studio Solution File, Format Version 12.00
# Visual Studio 15
VisualStudioVersion = 15.0.26124.0
MinimumVisualStudioVersion = 15.0.26124.0
Project("{F2A71F9B-5D33-465A-A702-920D77279786}") = "ICPC", "ICPC\ICPC.fsproj", "{D13FB94D-EE72-418E-B83F-A2CEC2894628}"
EndProject
Project("{F2A71F9B-5D33-465A-A702-920D77279786}") = "ICPC.Tests", "ICPC.Tests\ICPC.Tests.fsproj", "{E62C9277-6303-4743-BF37-A13B33595269}"
EndProject
Global
	GlobalSection(SolutionConfigurationPlatforms) = preSolution
		Debug|Any CPU = Debug|Any CPU
		Debug|x64 = Debug|x64
		Debug|x86 = Debug|x86
		Release|Any CPU = Release|Any CPU
		Release|x64 = Release|x64
		Release|x86 = Release|x86
	EndGlobalSection
	GlobalSection(SolutionProperties) = preSolution
		HideSolutionNode = FALSE
	EndGlobalSection
	GlobalSection(ProjectConfigurationPlatforms) = postSolution
		{D13FB94D-EE72-418E-B83F-A2CEC2894628}.Debug|Any CPU.ActiveCfg = Debug|Any CPU
		{D13FB94D-EE72-418E-B83F-A2CEC2894628}.Debug|Any CPU.Build.0 = Debug|Any CPU
		{D13FB94D-EE72-418E-B83F-A2CEC2894628}.Debug|x64.ActiveCfg = Debug|Any CPU
		{D13FB94D-EE72-418E-B83F-A2CEC2894628}.Debug|x64.Build.0 = Debug|Any CPU
		{D13FB94D-EE72-418E-B83F-A2CEC2894628}.Debug|x86.ActiveCfg = Debug|Any CPU
		{D13FB94D-EE72-418E-B83F-A2CEC2894628}.Debug|x86.Build.0 = Debug|Any CPU
		{D13FB94D-EE72-418E-B83F-A2CEC2894628}.Release|Any CPU.ActiveCfg = Release|Any CPU
		{D13FB94D-EE72-418E-B83F-A2CEC2894628}.Release|Any CPU.Build.0 = Release|Any CPU
		{D13FB94D-EE72-418E-B83F-A2CEC2894628}.Release|x64.ActiveCfg = Release|Any CPU
		{D13FB94D-EE72-418E-B83F-A2CEC2894628}.Release|x64.Build.0 = Release|Any CPU
		{D13FB94D-EE72-418E-B83F-A2CEC2894628}.Release|x86.ActiveCfg = Release|Any CPU
		{D13FB94D-EE72-418E-B83F-A2CEC2894628}.Release|x86.Build.0 = Release|Any CPU
		{E62C9277-6303-4743-BF37-A13B33595269}.Debug|Any CPU.ActiveCfg = Debug|Any CPU
		{E62C9277-6303-4743-BF37-A13B33595269}.Debug|Any CPU.Build.0 = Debug|Any CPU
		{E62C9277-6303-4743-BF37-A13B33595269}.Debug|x64.ActiveCfg = Debug|Any CPU
		{E62C9277-6303-4743-BF37-A13B33595269}.Debug|x64.Build.0 = Debug|Any CPU
		{E62C9277-6303-4743-BF37-A13B33595269}.Debug|x86.ActiveCfg = Debug|Any CPU
		{E62C9277-6303-4743-BF37-A13B33595269}.Debug|x86.Build.0 = Debug|Any CPU
		{E62C9277-6303-4743-BF37-A13B33595269}.Release|Any CPU.ActiveCfg = Release|Any CPU
		{E62C9277-6303-4743-BF37-A13B33595269}.Release|Any CPU.Build.0 = Release|Any CPU
		{E62C9277-6303-4743-BF37-A13B33595269}.Release|x64.ActiveCfg = Release|Any CPU
		{E62C9277-6303-4743-BF37-A13B33595269}.Release|x64.Build.0 = Release|Any CPU
		{E62C9277-6303-4743-BF37-A13B33595269}.Release|x86.ActiveCfg = Release|Any CPU
		{E62C9277-6303-4743-BF37-A13B33595269}.Release|x86.Build.0 = Release|Any CPU
	EndGlobalSection
EndGlobal
